// !$*UTF8*$!
{
	archiveVersion = 1;
	classes = {
	};
	objectVersion = 52;
	objects = {

/* Begin PBXBuildFile section */
		1641B68C26D3E8B300387758 /* ResponseCodable.swift in Sources */ = {isa = PBXBuildFile; fileRef = 1641B68B26D3E8B300387758 /* ResponseCodable.swift */; };
		1641B68E26D3E8D700387758 /* AbstractRequestFactory.swift in Sources */ = {isa = PBXBuildFile; fileRef = 1641B68D26D3E8D700387758 /* AbstractRequestFactory.swift */; };
		1641B69026D3E8F100387758 /* RequestRouter.swift in Sources */ = {isa = PBXBuildFile; fileRef = 1641B68F26D3E8F100387758 /* RequestRouter.swift */; };
		1641B69326D3E98300387758 /* HeroCatalog.swift in Sources */ = {isa = PBXBuildFile; fileRef = 1641B69226D3E98300387758 /* HeroCatalog.swift */; };
		1641B69526D3EA8900387758 /* UserSettings.swift in Sources */ = {isa = PBXBuildFile; fileRef = 1641B69426D3EA8900387758 /* UserSettings.swift */; };
		16662FB226D4F4470009137F /* SDWebImage in Frameworks */ = {isa = PBXBuildFile; productRef = 16662FB126D4F4470009137F /* SDWebImage */; };
		16662FB626D50CC40009137F /* HeroCatalogTableViewCell.swift in Sources */ = {isa = PBXBuildFile; fileRef = 16662FB526D50CC40009137F /* HeroCatalogTableViewCell.swift */; };
		16662FB926D51BC20009137F /* HeroSearchViewController.swift in Sources */ = {isa = PBXBuildFile; fileRef = 16662FB826D51BC20009137F /* HeroSearchViewController.swift */; };
		16662FBC26D51BE80009137F /* HeroSearchView.swift in Sources */ = {isa = PBXBuildFile; fileRef = 16662FBB26D51BE70009137F /* HeroSearchView.swift */; };
		16662FBE26D534200009137F /* HeroTabBarController.swift in Sources */ = {isa = PBXBuildFile; fileRef = 16662FBD26D534200009137F /* HeroTabBarController.swift */; };
		16662FC226D5403F0009137F /* SearchByName.swift in Sources */ = {isa = PBXBuildFile; fileRef = 16662FC126D5403F0009137F /* SearchByName.swift */; };
		16662FC426D540610009137F /* SearchByNameReqestFactory.swift in Sources */ = {isa = PBXBuildFile; fileRef = 16662FC326D540610009137F /* SearchByNameReqestFactory.swift */; };
		16BD014026D54BE8007F9B90 /* SwiftSuperheroLibraryTests.swift in Sources */ = {isa = PBXBuildFile; fileRef = 16BD013F26D54BE8007F9B90 /* SwiftSuperheroLibraryTests.swift */; };
		16D463DA26D029A0000B8A4D /* RequestFactory.swift in Sources */ = {isa = PBXBuildFile; fileRef = 16D463D926D029A0000B8A4D /* RequestFactory.swift */; };
		16D463DC26D0FA3A000B8A4D /* AbstractErrorParser.swift in Sources */ = {isa = PBXBuildFile; fileRef = 16D463DB26D0FA3A000B8A4D /* AbstractErrorParser.swift */; };
		16D463DE26D0FA55000B8A4D /* ErrorParser.swift in Sources */ = {isa = PBXBuildFile; fileRef = 16D463DD26D0FA55000B8A4D /* ErrorParser.swift */; };
		16D463E126D0FABF000B8A4D /* CatalogHeroResult.swift in Sources */ = {isa = PBXBuildFile; fileRef = 16D463E026D0FABF000B8A4D /* CatalogHeroResult.swift */; };
		16D463E326D10274000B8A4D /* CatalogHeroReqestFactory.swift in Sources */ = {isa = PBXBuildFile; fileRef = 16D463E226D10274000B8A4D /* CatalogHeroReqestFactory.swift */; };
		16D82DB826D5527F0056BAD3 /* HeroSearchCatalogTableViewController.swift in Sources */ = {isa = PBXBuildFile; fileRef = 16D82DB726D5527F0056BAD3 /* HeroSearchCatalogTableViewController.swift */; };
		16ED41FE26CD5A80005DB034 /* AppDelegate.swift in Sources */ = {isa = PBXBuildFile; fileRef = 16ED41FD26CD5A80005DB034 /* AppDelegate.swift */; };
		16ED420026CD5A80005DB034 /* SceneDelegate.swift in Sources */ = {isa = PBXBuildFile; fileRef = 16ED41FF26CD5A80005DB034 /* SceneDelegate.swift */; };
		16ED420226CD5A80005DB034 /* HeroCatalogTableViewController.swift in Sources */ = {isa = PBXBuildFile; fileRef = 16ED420126CD5A80005DB034 /* HeroCatalogTableViewController.swift */; };
		16ED420826CD5A80005DB034 /* SwiftSuperheroLibrary.xcdatamodeld in Sources */ = {isa = PBXBuildFile; fileRef = 16ED420626CD5A80005DB034 /* SwiftSuperheroLibrary.xcdatamodeld */; };
		16ED420A26CD5A82005DB034 /* Assets.xcassets in Resources */ = {isa = PBXBuildFile; fileRef = 16ED420926CD5A82005DB034 /* Assets.xcassets */; };
		16ED420D26CD5A82005DB034 /* LaunchScreen.storyboard in Resources */ = {isa = PBXBuildFile; fileRef = 16ED420B26CD5A82005DB034 /* LaunchScreen.storyboard */; };
		16ED423526CE5525005DB034 /* HeroViewController.swift in Sources */ = {isa = PBXBuildFile; fileRef = 16ED423426CE5525005DB034 /* HeroViewController.swift */; };
		16ED423726CE5550005DB034 /* HeroView.swift in Sources */ = {isa = PBXBuildFile; fileRef = 16ED423626CE5550005DB034 /* HeroView.swift */; };
		16F42BBC27D3E4DE0072BECB /* UIColorExtension.swift in Sources */ = {isa = PBXBuildFile; fileRef = 16F42BBB27D3E4DE0072BECB /* UIColorExtension.swift */; };
		47CFBF31343835E863B21A02 /* libPods-SwiftSuperheroLibrary.a in Frameworks */ = {isa = PBXBuildFile; fileRef = F7E933F4490EFB44A1B11919 /* libPods-SwiftSuperheroLibrary.a */; };
/* End PBXBuildFile section */

/* Begin PBXContainerItemProxy section */
		16BD014226D54BE8007F9B90 /* PBXContainerItemProxy */ = {
			isa = PBXContainerItemProxy;
			containerPortal = 16ED41F226CD5A80005DB034 /* Project object */;
			proxyType = 1;
			remoteGlobalIDString = 16ED41F926CD5A80005DB034;
			remoteInfo = SwiftSuperheroLibrary;
		};
/* End PBXContainerItemProxy section */

/* Begin PBXFileReference section */
		1641B68B26D3E8B300387758 /* ResponseCodable.swift */ = {isa = PBXFileReference; lastKnownFileType = sourcecode.swift; path = ResponseCodable.swift; sourceTree = "<group>"; };
		1641B68D26D3E8D700387758 /* AbstractRequestFactory.swift */ = {isa = PBXFileReference; lastKnownFileType = sourcecode.swift; path = AbstractRequestFactory.swift; sourceTree = "<group>"; };
		1641B68F26D3E8F100387758 /* RequestRouter.swift */ = {isa = PBXFileReference; lastKnownFileType = sourcecode.swift; path = RequestRouter.swift; sourceTree = "<group>"; };
		1641B69226D3E98300387758 /* HeroCatalog.swift */ = {isa = PBXFileReference; lastKnownFileType = sourcecode.swift; path = HeroCatalog.swift; sourceTree = "<group>"; };
		1641B69426D3EA8900387758 /* UserSettings.swift */ = {isa = PBXFileReference; lastKnownFileType = sourcecode.swift; path = UserSettings.swift; sourceTree = "<group>"; };
		16662FB526D50CC40009137F /* HeroCatalogTableViewCell.swift */ = {isa = PBXFileReference; lastKnownFileType = sourcecode.swift; path = HeroCatalogTableViewCell.swift; sourceTree = "<group>"; };
		16662FB826D51BC20009137F /* HeroSearchViewController.swift */ = {isa = PBXFileReference; lastKnownFileType = sourcecode.swift; path = HeroSearchViewController.swift; sourceTree = "<group>"; };
		16662FBB26D51BE70009137F /* HeroSearchView.swift */ = {isa = PBXFileReference; lastKnownFileType = sourcecode.swift; path = HeroSearchView.swift; sourceTree = "<group>"; };
		16662FBD26D534200009137F /* HeroTabBarController.swift */ = {isa = PBXFileReference; lastKnownFileType = sourcecode.swift; path = HeroTabBarController.swift; sourceTree = "<group>"; };
		16662FC126D5403F0009137F /* SearchByName.swift */ = {isa = PBXFileReference; lastKnownFileType = sourcecode.swift; path = SearchByName.swift; sourceTree = "<group>"; };
		16662FC326D540610009137F /* SearchByNameReqestFactory.swift */ = {isa = PBXFileReference; lastKnownFileType = sourcecode.swift; path = SearchByNameReqestFactory.swift; sourceTree = "<group>"; };
		168F862326D4F0F9004693BC /* libSDWebImage.a */ = {isa = PBXFileReference; explicitFileType = archive.ar; path = libSDWebImage.a; sourceTree = BUILT_PRODUCTS_DIR; };
		16BD013D26D54BE8007F9B90 /* SwiftSuperheroLibraryTests.xctest */ = {isa = PBXFileReference; explicitFileType = wrapper.cfbundle; includeInIndex = 0; path = SwiftSuperheroLibraryTests.xctest; sourceTree = BUILT_PRODUCTS_DIR; };
		16BD013F26D54BE8007F9B90 /* SwiftSuperheroLibraryTests.swift */ = {isa = PBXFileReference; lastKnownFileType = sourcecode.swift; path = SwiftSuperheroLibraryTests.swift; sourceTree = "<group>"; };
		16BD014126D54BE8007F9B90 /* Info.plist */ = {isa = PBXFileReference; lastKnownFileType = text.plist.xml; path = Info.plist; sourceTree = "<group>"; };
		16BD014926D54CC0007F9B90 /* libAlamofire.a */ = {isa = PBXFileReference; explicitFileType = archive.ar; path = libAlamofire.a; sourceTree = BUILT_PRODUCTS_DIR; };
		16D463D926D029A0000B8A4D /* RequestFactory.swift */ = {isa = PBXFileReference; lastKnownFileType = sourcecode.swift; path = RequestFactory.swift; sourceTree = "<group>"; };
		16D463DB26D0FA3A000B8A4D /* AbstractErrorParser.swift */ = {isa = PBXFileReference; lastKnownFileType = sourcecode.swift; path = AbstractErrorParser.swift; sourceTree = "<group>"; };
		16D463DD26D0FA55000B8A4D /* ErrorParser.swift */ = {isa = PBXFileReference; lastKnownFileType = sourcecode.swift; path = ErrorParser.swift; sourceTree = "<group>"; };
		16D463E026D0FABF000B8A4D /* CatalogHeroResult.swift */ = {isa = PBXFileReference; lastKnownFileType = sourcecode.swift; path = CatalogHeroResult.swift; sourceTree = "<group>"; };
		16D463E226D10274000B8A4D /* CatalogHeroReqestFactory.swift */ = {isa = PBXFileReference; lastKnownFileType = sourcecode.swift; path = CatalogHeroReqestFactory.swift; sourceTree = "<group>"; };
		16D82DB726D5527F0056BAD3 /* HeroSearchCatalogTableViewController.swift */ = {isa = PBXFileReference; lastKnownFileType = sourcecode.swift; path = HeroSearchCatalogTableViewController.swift; sourceTree = "<group>"; };
		16ED41FA26CD5A80005DB034 /* SwiftSuperheroLibrary.app */ = {isa = PBXFileReference; explicitFileType = wrapper.application; includeInIndex = 0; path = SwiftSuperheroLibrary.app; sourceTree = BUILT_PRODUCTS_DIR; };
		16ED41FD26CD5A80005DB034 /* AppDelegate.swift */ = {isa = PBXFileReference; lastKnownFileType = sourcecode.swift; path = AppDelegate.swift; sourceTree = "<group>"; };
		16ED41FF26CD5A80005DB034 /* SceneDelegate.swift */ = {isa = PBXFileReference; lastKnownFileType = sourcecode.swift; path = SceneDelegate.swift; sourceTree = "<group>"; };
		16ED420126CD5A80005DB034 /* HeroCatalogTableViewController.swift */ = {isa = PBXFileReference; lastKnownFileType = sourcecode.swift; path = HeroCatalogTableViewController.swift; sourceTree = "<group>"; };
		16ED420726CD5A80005DB034 /* SwiftSuperheroLibrary.xcdatamodel */ = {isa = PBXFileReference; lastKnownFileType = wrapper.xcdatamodel; path = SwiftSuperheroLibrary.xcdatamodel; sourceTree = "<group>"; };
		16ED420926CD5A82005DB034 /* Assets.xcassets */ = {isa = PBXFileReference; lastKnownFileType = folder.assetcatalog; path = Assets.xcassets; sourceTree = "<group>"; };
		16ED420C26CD5A82005DB034 /* Base */ = {isa = PBXFileReference; lastKnownFileType = file.storyboard; name = Base; path = Base.lproj/LaunchScreen.storyboard; sourceTree = "<group>"; };
		16ED420E26CD5A82005DB034 /* Info.plist */ = {isa = PBXFileReference; lastKnownFileType = text.plist.xml; path = Info.plist; sourceTree = "<group>"; };
		16ED423426CE5525005DB034 /* HeroViewController.swift */ = {isa = PBXFileReference; lastKnownFileType = sourcecode.swift; path = HeroViewController.swift; sourceTree = "<group>"; };
		16ED423626CE5550005DB034 /* HeroView.swift */ = {isa = PBXFileReference; lastKnownFileType = sourcecode.swift; path = HeroView.swift; sourceTree = "<group>"; };
		16F42BBB27D3E4DE0072BECB /* UIColorExtension.swift */ = {isa = PBXFileReference; lastKnownFileType = sourcecode.swift; path = UIColorExtension.swift; sourceTree = "<group>"; };
		16FE3FEC26D4F2DE00742BAB /* libSDWebImage.a */ = {isa = PBXFileReference; explicitFileType = archive.ar; path = libSDWebImage.a; sourceTree = BUILT_PRODUCTS_DIR; };
		36B541507F9D139E53A00661 /* Pods-SwiftSuperheroLibrary-SwiftSuperheroLibraryUITests.debug.xcconfig */ = {isa = PBXFileReference; includeInIndex = 1; lastKnownFileType = text.xcconfig; name = "Pods-SwiftSuperheroLibrary-SwiftSuperheroLibraryUITests.debug.xcconfig"; path = "Target Support Files/Pods-SwiftSuperheroLibrary-SwiftSuperheroLibraryUITests/Pods-SwiftSuperheroLibrary-SwiftSuperheroLibraryUITests.debug.xcconfig"; sourceTree = "<group>"; };
		574822AD3F806BAF34D764EA /* Pods-SwiftSuperheroLibrary.release.xcconfig */ = {isa = PBXFileReference; includeInIndex = 1; lastKnownFileType = text.xcconfig; name = "Pods-SwiftSuperheroLibrary.release.xcconfig"; path = "Target Support Files/Pods-SwiftSuperheroLibrary/Pods-SwiftSuperheroLibrary.release.xcconfig"; sourceTree = "<group>"; };
		64DC2B3ACE1C63E3779618F5 /* libPods-SwiftSuperheroLibrary-SwiftSuperheroLibraryUITests.a */ = {isa = PBXFileReference; explicitFileType = archive.ar; includeInIndex = 0; path = "libPods-SwiftSuperheroLibrary-SwiftSuperheroLibraryUITests.a"; sourceTree = BUILT_PRODUCTS_DIR; };
		7F2BD66925AC4711C41B8AAC /* Pods-SwiftSuperheroLibraryTests.release.xcconfig */ = {isa = PBXFileReference; includeInIndex = 1; lastKnownFileType = text.xcconfig; name = "Pods-SwiftSuperheroLibraryTests.release.xcconfig"; path = "Target Support Files/Pods-SwiftSuperheroLibraryTests/Pods-SwiftSuperheroLibraryTests.release.xcconfig"; sourceTree = "<group>"; };
		DD452BF189B3E351D532E613 /* Pods-SwiftSuperheroLibraryTests.debug.xcconfig */ = {isa = PBXFileReference; includeInIndex = 1; lastKnownFileType = text.xcconfig; name = "Pods-SwiftSuperheroLibraryTests.debug.xcconfig"; path = "Target Support Files/Pods-SwiftSuperheroLibraryTests/Pods-SwiftSuperheroLibraryTests.debug.xcconfig"; sourceTree = "<group>"; };
		E94622228C4714D16B9A2ABD /* Pods-SwiftSuperheroLibrary.debug.xcconfig */ = {isa = PBXFileReference; includeInIndex = 1; lastKnownFileType = text.xcconfig; name = "Pods-SwiftSuperheroLibrary.debug.xcconfig"; path = "Target Support Files/Pods-SwiftSuperheroLibrary/Pods-SwiftSuperheroLibrary.debug.xcconfig"; sourceTree = "<group>"; };
		EF021DCB4D5C3CB30EE30D5D /* libPods-SwiftSuperheroLibraryTests.a */ = {isa = PBXFileReference; explicitFileType = archive.ar; includeInIndex = 0; path = "libPods-SwiftSuperheroLibraryTests.a"; sourceTree = BUILT_PRODUCTS_DIR; };
		F7E933F4490EFB44A1B11919 /* libPods-SwiftSuperheroLibrary.a */ = {isa = PBXFileReference; explicitFileType = archive.ar; includeInIndex = 0; path = "libPods-SwiftSuperheroLibrary.a"; sourceTree = BUILT_PRODUCTS_DIR; };
		F8CF9EA089F2D6082EC2B50C /* Pods-SwiftSuperheroLibrary-SwiftSuperheroLibraryUITests.release.xcconfig */ = {isa = PBXFileReference; includeInIndex = 1; lastKnownFileType = text.xcconfig; name = "Pods-SwiftSuperheroLibrary-SwiftSuperheroLibraryUITests.release.xcconfig"; path = "Target Support Files/Pods-SwiftSuperheroLibrary-SwiftSuperheroLibraryUITests/Pods-SwiftSuperheroLibrary-SwiftSuperheroLibraryUITests.release.xcconfig"; sourceTree = "<group>"; };
/* End PBXFileReference section */

/* Begin PBXFrameworksBuildPhase section */
		16BD013A26D54BE8007F9B90 /* Frameworks */ = {
			isa = PBXFrameworksBuildPhase;
			buildActionMask = 2147483647;
			files = (
			);
			runOnlyForDeploymentPostprocessing = 0;
		};
		16ED41F726CD5A80005DB034 /* Frameworks */ = {
			isa = PBXFrameworksBuildPhase;
			buildActionMask = 2147483647;
			files = (
				16662FB226D4F4470009137F /* SDWebImage in Frameworks */,
				47CFBF31343835E863B21A02 /* libPods-SwiftSuperheroLibrary.a in Frameworks */,
			);
			runOnlyForDeploymentPostprocessing = 0;
		};
/* End PBXFrameworksBuildPhase section */

/* Begin PBXGroup section */
		0E3EDC2B8DD2489A9DAE3581 /* Pods */ = {
			isa = PBXGroup;
			children = (
				E94622228C4714D16B9A2ABD /* Pods-SwiftSuperheroLibrary.debug.xcconfig */,
				574822AD3F806BAF34D764EA /* Pods-SwiftSuperheroLibrary.release.xcconfig */,
				36B541507F9D139E53A00661 /* Pods-SwiftSuperheroLibrary-SwiftSuperheroLibraryUITests.debug.xcconfig */,
				F8CF9EA089F2D6082EC2B50C /* Pods-SwiftSuperheroLibrary-SwiftSuperheroLibraryUITests.release.xcconfig */,
				DD452BF189B3E351D532E613 /* Pods-SwiftSuperheroLibraryTests.debug.xcconfig */,
				7F2BD66925AC4711C41B8AAC /* Pods-SwiftSuperheroLibraryTests.release.xcconfig */,
			);
			path = Pods;
			sourceTree = "<group>";
		};
		0F6E32D09BE919C22F1E557D /* Frameworks */ = {
			isa = PBXGroup;
			children = (
				16BD014926D54CC0007F9B90 /* libAlamofire.a */,
				16FE3FEC26D4F2DE00742BAB /* libSDWebImage.a */,
				168F862326D4F0F9004693BC /* libSDWebImage.a */,
				F7E933F4490EFB44A1B11919 /* libPods-SwiftSuperheroLibrary.a */,
				64DC2B3ACE1C63E3779618F5 /* libPods-SwiftSuperheroLibrary-SwiftSuperheroLibraryUITests.a */,
				EF021DCB4D5C3CB30EE30D5D /* libPods-SwiftSuperheroLibraryTests.a */,
			);
			name = Frameworks;
			sourceTree = "<group>";
		};
		1641B68526D3E78600387758 /* Resources */ = {
			isa = PBXGroup;
			children = (
				16ED420B26CD5A82005DB034 /* LaunchScreen.storyboard */,
				16ED420926CD5A82005DB034 /* Assets.xcassets */,
				16F42BBB27D3E4DE0072BECB /* UIColorExtension.swift */,
			);
			path = Resources;
			sourceTree = "<group>";
		};
		1641B68626D3E7B200387758 /* BusinessLogic */ = {
			isa = PBXGroup;
			children = (
				16ED41FD26CD5A80005DB034 /* AppDelegate.swift */,
				16D463D826D02982000B8A4D /* Network */,
			);
			path = BusinessLogic;
			sourceTree = "<group>";
		};
		1641B68726D3E7CF00387758 /* Entity */ = {
			isa = PBXGroup;
			children = (
				16D463E026D0FABF000B8A4D /* CatalogHeroResult.swift */,
			);
			path = Entity;
			sourceTree = "<group>";
		};
		1641B68826D3E81300387758 /* HeroCatalog */ = {
			isa = PBXGroup;
			children = (
				1641B69226D3E98300387758 /* HeroCatalog.swift */,
				16D463E226D10274000B8A4D /* CatalogHeroReqestFactory.swift */,
			);
			path = HeroCatalog;
			sourceTree = "<group>";
		};
		1641B68926D3E84200387758 /* Core */ = {
			isa = PBXGroup;
			children = (
				1641B69426D3EA8900387758 /* UserSettings.swift */,
				16ED41FF26CD5A80005DB034 /* SceneDelegate.swift */,
				1641B68A26D3E85300387758 /* Network */,
			);
			path = Core;
			sourceTree = "<group>";
		};
		1641B68A26D3E85300387758 /* Network */ = {
			isa = PBXGroup;
			children = (
				16D463DB26D0FA3A000B8A4D /* AbstractErrorParser.swift */,
				16D463DD26D0FA55000B8A4D /* ErrorParser.swift */,
				1641B68B26D3E8B300387758 /* ResponseCodable.swift */,
				1641B68D26D3E8D700387758 /* AbstractRequestFactory.swift */,
				1641B68F26D3E8F100387758 /* RequestRouter.swift */,
			);
			path = Network;
			sourceTree = "<group>";
		};
		1641B69126D3E91D00387758 /* Flows */ = {
			isa = PBXGroup;
			children = (
				16662FBF26D53E980009137F /* TabBarController */,
				16D82DB626D5524C0056BAD3 /* HeroSearchCatalogController */,
				16662FB726D51B9A0009137F /* HeroSearchVIewController */,
				16ED423226CE54F6005DB034 /* HeroCatalogTableViewController */,
				16ED423326CE5509005DB034 /* HeroViewController */,
			);
			path = Flows;
			sourceTree = "<group>";
		};
		16662FB326D50C8F0009137F /* HeroCatalogTableViewCell */ = {
			isa = PBXGroup;
			children = (
				16662FB526D50CC40009137F /* HeroCatalogTableViewCell.swift */,
			);
			path = HeroCatalogTableViewCell;
			sourceTree = "<group>";
		};
		16662FB426D50CA00009137F /* HeroView */ = {
			isa = PBXGroup;
			children = (
				16ED423626CE5550005DB034 /* HeroView.swift */,
			);
			path = HeroView;
			sourceTree = "<group>";
		};
		16662FB726D51B9A0009137F /* HeroSearchVIewController */ = {
			isa = PBXGroup;
			children = (
				16662FB826D51BC20009137F /* HeroSearchViewController.swift */,
				16662FBA26D51BD30009137F /* HeroSearchView */,
			);
			path = HeroSearchVIewController;
			sourceTree = "<group>";
		};
		16662FBA26D51BD30009137F /* HeroSearchView */ = {
			isa = PBXGroup;
			children = (
				16662FBB26D51BE70009137F /* HeroSearchView.swift */,
			);
			path = HeroSearchView;
			sourceTree = "<group>";
		};
		16662FBF26D53E980009137F /* TabBarController */ = {
			isa = PBXGroup;
			children = (
				16662FBD26D534200009137F /* HeroTabBarController.swift */,
			);
			path = TabBarController;
			sourceTree = "<group>";
		};
		16662FC026D53FE80009137F /* SearchByName */ = {
			isa = PBXGroup;
			children = (
				16662FC126D5403F0009137F /* SearchByName.swift */,
				16662FC326D540610009137F /* SearchByNameReqestFactory.swift */,
			);
			path = SearchByName;
			sourceTree = "<group>";
		};
		16BD013E26D54BE8007F9B90 /* SwiftSuperheroLibraryTests */ = {
			isa = PBXGroup;
			children = (
				16BD013F26D54BE8007F9B90 /* SwiftSuperheroLibraryTests.swift */,
				16BD014126D54BE8007F9B90 /* Info.plist */,
			);
			path = SwiftSuperheroLibraryTests;
			sourceTree = "<group>";
		};
		16D463D826D02982000B8A4D /* Network */ = {
			isa = PBXGroup;
			children = (
				16D463D926D029A0000B8A4D /* RequestFactory.swift */,
				16662FC026D53FE80009137F /* SearchByName */,
				1641B68826D3E81300387758 /* HeroCatalog */,
			);
			path = Network;
			sourceTree = "<group>";
		};
		16D82DB626D5524C0056BAD3 /* HeroSearchCatalogController */ = {
			isa = PBXGroup;
			children = (
				16D82DB726D5527F0056BAD3 /* HeroSearchCatalogTableViewController.swift */,
			);
			path = HeroSearchCatalogController;
			sourceTree = "<group>";
		};
		16ED41F126CD5A80005DB034 = {
			isa = PBXGroup;
			children = (
				16ED41FC26CD5A80005DB034 /* SwiftSuperheroLibrary */,
				16BD013E26D54BE8007F9B90 /* SwiftSuperheroLibraryTests */,
				16ED41FB26CD5A80005DB034 /* Products */,
				0E3EDC2B8DD2489A9DAE3581 /* Pods */,
				0F6E32D09BE919C22F1E557D /* Frameworks */,
			);
			sourceTree = "<group>";
		};
		16ED41FB26CD5A80005DB034 /* Products */ = {
			isa = PBXGroup;
			children = (
				16ED41FA26CD5A80005DB034 /* SwiftSuperheroLibrary.app */,
				16BD013D26D54BE8007F9B90 /* SwiftSuperheroLibraryTests.xctest */,
			);
			name = Products;
			sourceTree = "<group>";
		};
		16ED41FC26CD5A80005DB034 /* SwiftSuperheroLibrary */ = {
			isa = PBXGroup;
			children = (
				1641B68726D3E7CF00387758 /* Entity */,
				1641B69126D3E91D00387758 /* Flows */,
				1641B68626D3E7B200387758 /* BusinessLogic */,
				1641B68926D3E84200387758 /* Core */,
				1641B68526D3E78600387758 /* Resources */,
				16ED420626CD5A80005DB034 /* SwiftSuperheroLibrary.xcdatamodeld */,
				16ED420E26CD5A82005DB034 /* Info.plist */,
			);
			path = SwiftSuperheroLibrary;
			sourceTree = "<group>";
		};
		16ED423226CE54F6005DB034 /* HeroCatalogTableViewController */ = {
			isa = PBXGroup;
			children = (
				16ED420126CD5A80005DB034 /* HeroCatalogTableViewController.swift */,
				16662FB326D50C8F0009137F /* HeroCatalogTableViewCell */,
			);
			path = HeroCatalogTableViewController;
			sourceTree = "<group>";
		};
		16ED423326CE5509005DB034 /* HeroViewController */ = {
			isa = PBXGroup;
			children = (
				16ED423426CE5525005DB034 /* HeroViewController.swift */,
				16662FB426D50CA00009137F /* HeroView */,
			);
			path = HeroViewController;
			sourceTree = "<group>";
		};
/* End PBXGroup section */

/* Begin PBXNativeTarget section */
		16BD013C26D54BE8007F9B90 /* SwiftSuperheroLibraryTests */ = {
			isa = PBXNativeTarget;
			buildConfigurationList = 16BD014426D54BE8007F9B90 /* Build configuration list for PBXNativeTarget "SwiftSuperheroLibraryTests" */;
			buildPhases = (
				16BD013926D54BE8007F9B90 /* Sources */,
				16BD013A26D54BE8007F9B90 /* Frameworks */,
				16BD013B26D54BE8007F9B90 /* Resources */,
			);
			buildRules = (
			);
			dependencies = (
				16BD014326D54BE8007F9B90 /* PBXTargetDependency */,
			);
			name = SwiftSuperheroLibraryTests;
			productName = SwiftSuperheroLibraryTests;
			productReference = 16BD013D26D54BE8007F9B90 /* SwiftSuperheroLibraryTests.xctest */;
			productType = "com.apple.product-type.bundle.unit-test";
		};
		16ED41F926CD5A80005DB034 /* SwiftSuperheroLibrary */ = {
			isa = PBXNativeTarget;
			buildConfigurationList = 16ED422726CD5A82005DB034 /* Build configuration list for PBXNativeTarget "SwiftSuperheroLibrary" */;
			buildPhases = (
				5D22588F698FFCE00C4EA962 /* [CP] Check Pods Manifest.lock */,
				16ED41F626CD5A80005DB034 /* Sources */,
				16ED41F726CD5A80005DB034 /* Frameworks */,
				16ED41F826CD5A80005DB034 /* Resources */,
			);
			buildRules = (
			);
			dependencies = (
			);
			name = SwiftSuperheroLibrary;
			packageProductDependencies = (
				16662FB126D4F4470009137F /* SDWebImage */,
			);
			productName = SwiftSuperheroLibrary;
			productReference = 16ED41FA26CD5A80005DB034 /* SwiftSuperheroLibrary.app */;
			productType = "com.apple.product-type.application";
		};
/* End PBXNativeTarget section */

/* Begin PBXProject section */
		16ED41F226CD5A80005DB034 /* Project object */ = {
			isa = PBXProject;
			attributes = {
				LastSwiftUpdateCheck = 1250;
				LastUpgradeCheck = 1250;
				TargetAttributes = {
					16BD013C26D54BE8007F9B90 = {
						CreatedOnToolsVersion = 12.5.1;
						TestTargetID = 16ED41F926CD5A80005DB034;
					};
					16ED41F926CD5A80005DB034 = {
						CreatedOnToolsVersion = 12.5.1;
					};
				};
			};
			buildConfigurationList = 16ED41F526CD5A80005DB034 /* Build configuration list for PBXProject "SwiftSuperheroLibrary" */;
			compatibilityVersion = "Xcode 9.3";
			developmentRegion = en;
			hasScannedForEncodings = 0;
			knownRegions = (
				en,
				Base,
			);
			mainGroup = 16ED41F126CD5A80005DB034;
			packageReferences = (
				16662FB026D4F4470009137F /* XCRemoteSwiftPackageReference "SDWebImage" */,
			);
			productRefGroup = 16ED41FB26CD5A80005DB034 /* Products */;
			projectDirPath = "";
			projectRoot = "";
			targets = (
				16ED41F926CD5A80005DB034 /* SwiftSuperheroLibrary */,
				16BD013C26D54BE8007F9B90 /* SwiftSuperheroLibraryTests */,
			);
		};
/* End PBXProject section */

/* Begin PBXResourcesBuildPhase section */
		16BD013B26D54BE8007F9B90 /* Resources */ = {
			isa = PBXResourcesBuildPhase;
			buildActionMask = 2147483647;
			files = (
			);
			runOnlyForDeploymentPostprocessing = 0;
		};
		16ED41F826CD5A80005DB034 /* Resources */ = {
			isa = PBXResourcesBuildPhase;
			buildActionMask = 2147483647;
			files = (
				16ED420D26CD5A82005DB034 /* LaunchScreen.storyboard in Resources */,
				16ED420A26CD5A82005DB034 /* Assets.xcassets in Resources */,
			);
			runOnlyForDeploymentPostprocessing = 0;
		};
/* End PBXResourcesBuildPhase section */

/* Begin PBXShellScriptBuildPhase section */
		5D22588F698FFCE00C4EA962 /* [CP] Check Pods Manifest.lock */ = {
			isa = PBXShellScriptBuildPhase;
			buildActionMask = 2147483647;
			files = (
			);
			inputFileListPaths = (
			);
			inputPaths = (
				"${PODS_PODFILE_DIR_PATH}/Podfile.lock",
				"${PODS_ROOT}/Manifest.lock",
			);
			name = "[CP] Check Pods Manifest.lock";
			outputFileListPaths = (
			);
			outputPaths = (
				"$(DERIVED_FILE_DIR)/Pods-SwiftSuperheroLibrary-checkManifestLockResult.txt",
			);
			runOnlyForDeploymentPostprocessing = 0;
			shellPath = /bin/sh;
			shellScript = "diff \"${PODS_PODFILE_DIR_PATH}/Podfile.lock\" \"${PODS_ROOT}/Manifest.lock\" > /dev/null\nif [ $? != 0 ] ; then\n    # print error to STDERR\n    echo \"error: The sandbox is not in sync with the Podfile.lock. Run 'pod install' or update your CocoaPods installation.\" >&2\n    exit 1\nfi\n# This output is used by Xcode 'outputs' to avoid re-running this script phase.\necho \"SUCCESS\" > \"${SCRIPT_OUTPUT_FILE_0}\"\n";
			showEnvVarsInLog = 0;
		};
/* End PBXShellScriptBuildPhase section */

/* Begin PBXSourcesBuildPhase section */
		16BD013926D54BE8007F9B90 /* Sources */ = {
			isa = PBXSourcesBuildPhase;
			buildActionMask = 2147483647;
			files = (
				16BD014026D54BE8007F9B90 /* SwiftSuperheroLibraryTests.swift in Sources */,
			);
			runOnlyForDeploymentPostprocessing = 0;
		};
		16ED41F626CD5A80005DB034 /* Sources */ = {
			isa = PBXSourcesBuildPhase;
			buildActionMask = 2147483647;
			files = (
				1641B68E26D3E8D700387758 /* AbstractRequestFactory.swift in Sources */,
				16D463DC26D0FA3A000B8A4D /* AbstractErrorParser.swift in Sources */,
				16D82DB826D5527F0056BAD3 /* HeroSearchCatalogTableViewController.swift in Sources */,
				16D463DA26D029A0000B8A4D /* RequestFactory.swift in Sources */,
				1641B68C26D3E8B300387758 /* ResponseCodable.swift in Sources */,
				16D463E326D10274000B8A4D /* CatalogHeroReqestFactory.swift in Sources */,
				1641B69326D3E98300387758 /* HeroCatalog.swift in Sources */,
				16ED423526CE5525005DB034 /* HeroViewController.swift in Sources */,
				16662FBE26D534200009137F /* HeroTabBarController.swift in Sources */,
				16ED420226CD5A80005DB034 /* HeroCatalogTableViewController.swift in Sources */,
				16D463DE26D0FA55000B8A4D /* ErrorParser.swift in Sources */,
				16F42BBC27D3E4DE0072BECB /* UIColorExtension.swift in Sources */,
				16ED423726CE5550005DB034 /* HeroView.swift in Sources */,
				16ED420826CD5A80005DB034 /* SwiftSuperheroLibrary.xcdatamodeld in Sources */,
				16662FB926D51BC20009137F /* HeroSearchViewController.swift in Sources */,
				1641B69026D3E8F100387758 /* RequestRouter.swift in Sources */,
				16662FBC26D51BE80009137F /* HeroSearchView.swift in Sources */,
				16D463E126D0FABF000B8A4D /* CatalogHeroResult.swift in Sources */,
				16662FC426D540610009137F /* SearchByNameReqestFactory.swift in Sources */,
				16ED41FE26CD5A80005DB034 /* AppDelegate.swift in Sources */,
				16ED420026CD5A80005DB034 /* SceneDelegate.swift in Sources */,
				1641B69526D3EA8900387758 /* UserSettings.swift in Sources */,
				16662FC226D5403F0009137F /* SearchByName.swift in Sources */,
				16662FB626D50CC40009137F /* HeroCatalogTableViewCell.swift in Sources */,
			);
			runOnlyForDeploymentPostprocessing = 0;
		};
/* End PBXSourcesBuildPhase section */

/* Begin PBXTargetDependency section */
		16BD014326D54BE8007F9B90 /* PBXTargetDependency */ = {
			isa = PBXTargetDependency;
			target = 16ED41F926CD5A80005DB034 /* SwiftSuperheroLibrary */;
			targetProxy = 16BD014226D54BE8007F9B90 /* PBXContainerItemProxy */;
		};
/* End PBXTargetDependency section */

/* Begin PBXVariantGroup section */
		16ED420B26CD5A82005DB034 /* LaunchScreen.storyboard */ = {
			isa = PBXVariantGroup;
			children = (
				16ED420C26CD5A82005DB034 /* Base */,
			);
			name = LaunchScreen.storyboard;
			sourceTree = "<group>";
		};
/* End PBXVariantGroup section */

/* Begin XCBuildConfiguration section */
		16BD014526D54BE8007F9B90 /* Debug */ = {
			isa = XCBuildConfiguration;
			baseConfigurationReference = DD452BF189B3E351D532E613 /* Pods-SwiftSuperheroLibraryTests.debug.xcconfig */;
			buildSettings = {
				BUNDLE_LOADER = "$(TEST_HOST)";
				CODE_SIGN_STYLE = Automatic;
				DEVELOPMENT_TEAM = 97WCP8NGSS;
				INFOPLIST_FILE = SwiftSuperheroLibraryTests/Info.plist;
				LD_RUNPATH_SEARCH_PATHS = (
					"$(inherited)",
					"@executable_path/Frameworks",
					"@loader_path/Frameworks",
				);
				PRODUCT_BUNDLE_IDENTIFIER = com.AndNasPlay.SwiftSuperheroLibraryTests;
				PRODUCT_NAME = "$(TARGET_NAME)";
				SWIFT_VERSION = 5.0;
				TARGETED_DEVICE_FAMILY = "1,2";
				TEST_HOST = "$(BUILT_PRODUCTS_DIR)/SwiftSuperheroLibrary.app/SwiftSuperheroLibrary";
			};
			name = Debug;
		};
		16BD014626D54BE8007F9B90 /* Release */ = {
			isa = XCBuildConfiguration;
			buildSettings = {
				BUNDLE_LOADER = "$(TEST_HOST)";
				CODE_SIGN_STYLE = Automatic;
				DEVELOPMENT_TEAM = 97WCP8NGSS;
				INFOPLIST_FILE = SwiftSuperheroLibraryTests/Info.plist;
				LD_RUNPATH_SEARCH_PATHS = (
					"$(inherited)",
					"@executable_path/Frameworks",
					"@loader_path/Frameworks",
				);
				PRODUCT_BUNDLE_IDENTIFIER = com.AndNasPlay.SwiftSuperheroLibraryTests;
				PRODUCT_NAME = "$(TARGET_NAME)";
				SWIFT_VERSION = 5.0;
				TARGETED_DEVICE_FAMILY = "1,2";
				TEST_HOST = "$(BUILT_PRODUCTS_DIR)/SwiftSuperheroLibrary.app/SwiftSuperheroLibrary";
			};
			name = Release;
		};
		16ED422526CD5A82005DB034 /* Debug */ = {
			isa = XCBuildConfiguration;
			buildSettings = {
				ALWAYS_SEARCH_USER_PATHS = NO;
				CLANG_ANALYZER_NONNULL = YES;
				CLANG_ANALYZER_NUMBER_OBJECT_CONVERSION = YES_AGGRESSIVE;
				CLANG_CXX_LANGUAGE_STANDARD = "gnu++14";
				CLANG_CXX_LIBRARY = "libc++";
				CLANG_ENABLE_MODULES = YES;
				CLANG_ENABLE_OBJC_ARC = YES;
				CLANG_ENABLE_OBJC_WEAK = YES;
				CLANG_WARN_BLOCK_CAPTURE_AUTORELEASING = YES;
				CLANG_WARN_BOOL_CONVERSION = YES;
				CLANG_WARN_COMMA = YES;
				CLANG_WARN_CONSTANT_CONVERSION = YES;
				CLANG_WARN_DEPRECATED_OBJC_IMPLEMENTATIONS = YES;
				CLANG_WARN_DIRECT_OBJC_ISA_USAGE = YES_ERROR;
				CLANG_WARN_DOCUMENTATION_COMMENTS = YES;
				CLANG_WARN_EMPTY_BODY = YES;
				CLANG_WARN_ENUM_CONVERSION = YES;
				CLANG_WARN_INFINITE_RECURSION = YES;
				CLANG_WARN_INT_CONVERSION = YES;
				CLANG_WARN_NON_LITERAL_NULL_CONVERSION = YES;
				CLANG_WARN_OBJC_IMPLICIT_RETAIN_SELF = YES;
				CLANG_WARN_OBJC_LITERAL_CONVERSION = YES;
				CLANG_WARN_OBJC_ROOT_CLASS = YES_ERROR;
				CLANG_WARN_QUOTED_INCLUDE_IN_FRAMEWORK_HEADER = YES;
				CLANG_WARN_RANGE_LOOP_ANALYSIS = YES;
				CLANG_WARN_STRICT_PROTOTYPES = YES;
				CLANG_WARN_SUSPICIOUS_MOVE = YES;
				CLANG_WARN_UNGUARDED_AVAILABILITY = YES_AGGRESSIVE;
				CLANG_WARN_UNREACHABLE_CODE = YES;
				CLANG_WARN__DUPLICATE_METHOD_MATCH = YES;
				COPY_PHASE_STRIP = NO;
				DEBUG_INFORMATION_FORMAT = dwarf;
				ENABLE_STRICT_OBJC_MSGSEND = YES;
				ENABLE_TESTABILITY = YES;
				GCC_C_LANGUAGE_STANDARD = gnu11;
				GCC_DYNAMIC_NO_PIC = NO;
				GCC_NO_COMMON_BLOCKS = YES;
				GCC_OPTIMIZATION_LEVEL = 0;
				GCC_PREPROCESSOR_DEFINITIONS = (
					"DEBUG=1",
					"$(inherited)",
				);
				GCC_WARN_64_TO_32_BIT_CONVERSION = YES;
				GCC_WARN_ABOUT_RETURN_TYPE = YES_ERROR;
				GCC_WARN_UNDECLARED_SELECTOR = YES;
				GCC_WARN_UNINITIALIZED_AUTOS = YES_AGGRESSIVE;
				GCC_WARN_UNUSED_FUNCTION = YES;
				GCC_WARN_UNUSED_VARIABLE = YES;
				IPHONEOS_DEPLOYMENT_TARGET = 14.5;
				MTL_ENABLE_DEBUG_INFO = INCLUDE_SOURCE;
				MTL_FAST_MATH = YES;
				ONLY_ACTIVE_ARCH = YES;
				SDKROOT = iphoneos;
				SWIFT_ACTIVE_COMPILATION_CONDITIONS = DEBUG;
				SWIFT_OPTIMIZATION_LEVEL = "-Onone";
			};
			name = Debug;
		};
		16ED422626CD5A82005DB034 /* Release */ = {
			isa = XCBuildConfiguration;
			buildSettings = {
				ALWAYS_SEARCH_USER_PATHS = NO;
				CLANG_ANALYZER_NONNULL = YES;
				CLANG_ANALYZER_NUMBER_OBJECT_CONVERSION = YES_AGGRESSIVE;
				CLANG_CXX_LANGUAGE_STANDARD = "gnu++14";
				CLANG_CXX_LIBRARY = "libc++";
				CLANG_ENABLE_MODULES = YES;
				CLANG_ENABLE_OBJC_ARC = YES;
				CLANG_ENABLE_OBJC_WEAK = YES;
				CLANG_WARN_BLOCK_CAPTURE_AUTORELEASING = YES;
				CLANG_WARN_BOOL_CONVERSION = YES;
				CLANG_WARN_COMMA = YES;
				CLANG_WARN_CONSTANT_CONVERSION = YES;
				CLANG_WARN_DEPRECATED_OBJC_IMPLEMENTATIONS = YES;
				CLANG_WARN_DIRECT_OBJC_ISA_USAGE = YES_ERROR;
				CLANG_WARN_DOCUMENTATION_COMMENTS = YES;
				CLANG_WARN_EMPTY_BODY = YES;
				CLANG_WARN_ENUM_CONVERSION = YES;
				CLANG_WARN_INFINITE_RECURSION = YES;
				CLANG_WARN_INT_CONVERSION = YES;
				CLANG_WARN_NON_LITERAL_NULL_CONVERSION = YES;
				CLANG_WARN_OBJC_IMPLICIT_RETAIN_SELF = YES;
				CLANG_WARN_OBJC_LITERAL_CONVERSION = YES;
				CLANG_WARN_OBJC_ROOT_CLASS = YES_ERROR;
				CLANG_WARN_QUOTED_INCLUDE_IN_FRAMEWORK_HEADER = YES;
				CLANG_WARN_RANGE_LOOP_ANALYSIS = YES;
				CLANG_WARN_STRICT_PROTOTYPES = YES;
				CLANG_WARN_SUSPICIOUS_MOVE = YES;
				CLANG_WARN_UNGUARDED_AVAILABILITY = YES_AGGRESSIVE;
				CLANG_WARN_UNREACHABLE_CODE = YES;
				CLANG_WARN__DUPLICATE_METHOD_MATCH = YES;
				COPY_PHASE_STRIP = NO;
				DEBUG_INFORMATION_FORMAT = "dwarf-with-dsym";
				ENABLE_NS_ASSERTIONS = NO;
				ENABLE_STRICT_OBJC_MSGSEND = YES;
				GCC_C_LANGUAGE_STANDARD = gnu11;
				GCC_NO_COMMON_BLOCKS = YES;
				GCC_WARN_64_TO_32_BIT_CONVERSION = YES;
				GCC_WARN_ABOUT_RETURN_TYPE = YES_ERROR;
				GCC_WARN_UNDECLARED_SELECTOR = YES;
				GCC_WARN_UNINITIALIZED_AUTOS = YES_AGGRESSIVE;
				GCC_WARN_UNUSED_FUNCTION = YES;
				GCC_WARN_UNUSED_VARIABLE = YES;
				IPHONEOS_DEPLOYMENT_TARGET = 14.5;
				MTL_ENABLE_DEBUG_INFO = NO;
				MTL_FAST_MATH = YES;
				SDKROOT = iphoneos;
				SWIFT_COMPILATION_MODE = wholemodule;
				SWIFT_OPTIMIZATION_LEVEL = "-O";
				VALIDATE_PRODUCT = YES;
			};
			name = Release;
		};
		16ED422826CD5A82005DB034 /* Debug */ = {
			isa = XCBuildConfiguration;
			baseConfigurationReference = E94622228C4714D16B9A2ABD /* Pods-SwiftSuperheroLibrary.debug.xcconfig */;
			buildSettings = {
				ASSETCATALOG_COMPILER_APPICON_NAME = AppIcon;
				ASSETCATALOG_COMPILER_GLOBAL_ACCENT_COLOR_NAME = AccentColor;
				CODE_SIGN_STYLE = Automatic;
				DEVELOPMENT_TEAM = 97WCP8NGSS;
				INFOPLIST_FILE = SwiftSuperheroLibrary/Info.plist;
				LD_RUNPATH_SEARCH_PATHS = (
					"$(inherited)",
					"@executable_path/Frameworks",
				);
				PRODUCT_BUNDLE_IDENTIFIER = com.AndNasPlay.SwiftSuperheroLibrary;
				PRODUCT_NAME = "$(TARGET_NAME)";
				SWIFT_VERSION = 5.0;
				TARGETED_DEVICE_FAMILY = "1,2";
			};
			name = Debug;
		};
		16ED422926CD5A82005DB034 /* Release */ = {
			isa = XCBuildConfiguration;
			baseConfigurationReference = 574822AD3F806BAF34D764EA /* Pods-SwiftSuperheroLibrary.release.xcconfig */;
			buildSettings = {
				ASSETCATALOG_COMPILER_APPICON_NAME = AppIcon;
				ASSETCATALOG_COMPILER_GLOBAL_ACCENT_COLOR_NAME = AccentColor;
				CODE_SIGN_STYLE = Automatic;
				DEVELOPMENT_TEAM = 97WCP8NGSS;
				INFOPLIST_FILE = SwiftSuperheroLibrary/Info.plist;
				LD_RUNPATH_SEARCH_PATHS = (
					"$(inherited)",
					"@executable_path/Frameworks",
				);
				PRODUCT_BUNDLE_IDENTIFIER = com.AndNasPlay.SwiftSuperheroLibrary;
				PRODUCT_NAME = "$(TARGET_NAME)";
				SWIFT_VERSION = 5.0;
				TARGETED_DEVICE_FAMILY = "1,2";
			};
			name = Release;
		};
/* End XCBuildConfiguration section */

/* Begin XCConfigurationList section */
		16BD014426D54BE8007F9B90 /* Build configuration list for PBXNativeTarget "SwiftSuperheroLibraryTests" */ = {
			isa = XCConfigurationList;
			buildConfigurations = (
				16BD014526D54BE8007F9B90 /* Debug */,
				16BD014626D54BE8007F9B90 /* Release */,
			);
			defaultConfigurationIsVisible = 0;
			defaultConfigurationName = Release;
		};
		16ED41F526CD5A80005DB034 /* Build configuration list for PBXProject "SwiftSuperheroLibrary" */ = {
			isa = XCConfigurationList;
			buildConfigurations = (
				16ED422526CD5A82005DB034 /* Debug */,
				16ED422626CD5A82005DB034 /* Release */,
			);
			defaultConfigurationIsVisible = 0;
			defaultConfigurationName = Release;
		};
		16ED422726CD5A82005DB034 /* Build configuration list for PBXNativeTarget "SwiftSuperheroLibrary" */ = {
			isa = XCConfigurationList;
			buildConfigurations = (
				16ED422826CD5A82005DB034 /* Debug */,
				16ED422926CD5A82005DB034 /* Release */,
			);
			defaultConfigurationIsVisible = 0;
			defaultConfigurationName = Release;
		};
/* End XCConfigurationList section */

/* Begin XCRemoteSwiftPackageReference section */
		16662FB026D4F4470009137F /* XCRemoteSwiftPackageReference "SDWebImage" */ = {
			isa = XCRemoteSwiftPackageReference;
			repositoryURL = "https://github.com/SDWebImage/SDWebImage";
			requirement = {
				kind = upToNextMajorVersion;
				minimumVersion = 5.11.1;
			};
		};
/* End XCRemoteSwiftPackageReference section */

/* Begin XCSwiftPackageProductDependency section */
		16662FB126D4F4470009137F /* SDWebImage */ = {
			isa = XCSwiftPackageProductDependency;
			package = 16662FB026D4F4470009137F /* XCRemoteSwiftPackageReference "SDWebImage" */;
			productName = SDWebImage;
		};
/* End XCSwiftPackageProductDependency section */

/* Begin XCVersionGroup section */
		16ED420626CD5A80005DB034 /* SwiftSuperheroLibrary.xcdatamodeld */ = {
			isa = XCVersionGroup;
			children = (
				16ED420726CD5A80005DB034 /* SwiftSuperheroLibrary.xcdatamodel */,
			);
			currentVersion = 16ED420726CD5A80005DB034 /* SwiftSuperheroLibrary.xcdatamodel */;
			path = SwiftSuperheroLibrary.xcdatamodeld;
			sourceTree = "<group>";
			versionGroupType = wrapper.xcdatamodel;
		};
/* End XCVersionGroup section */
	};
	rootObject = 16ED41F226CD5A80005DB034 /* Project object */;
}
